// !$*UTF8*$!
{
	archiveVersion = 1;
	classes = {
	};
	objectVersion = 56;
	objects = {

/* Begin PBXBuildFile section */
		A934EC6F2C4AA41D00DA314C /* MockInterviewTwoApp.swift in Sources */ = {isa = PBXBuildFile; fileRef = A934EC6E2C4AA41D00DA314C /* MockInterviewTwoApp.swift */; };
		A934EC712C4AA41D00DA314C /* SettingsView.swift in Sources */ = {isa = PBXBuildFile; fileRef = A934EC702C4AA41D00DA314C /* SettingsView.swift */; };
		A934EC732C4AA41E00DA314C /* Assets.xcassets in Resources */ = {isa = PBXBuildFile; fileRef = A934EC722C4AA41E00DA314C /* Assets.xcassets */; };
		A934EC762C4AA41E00DA314C /* Preview Assets.xcassets in Resources */ = {isa = PBXBuildFile; fileRef = A934EC752C4AA41E00DA314C /* Preview Assets.xcassets */; };
		A934EC7D2C4AA51A00DA314C /* UsersView.swift in Sources */ = {isa = PBXBuildFile; fileRef = A934EC7C2C4AA51A00DA314C /* UsersView.swift */; };
		A934EC802C4AA85D00DA314C /* UsersViewModel.swift in Sources */ = {isa = PBXBuildFile; fileRef = A934EC7F2C4AA85D00DA314C /* UsersViewModel.swift */; };
		A934EC832C4AACB700DA314C /* User.swift in Sources */ = {isa = PBXBuildFile; fileRef = A934EC822C4AACB700DA314C /* User.swift */; };
/* End PBXBuildFile section */

/* Begin PBXFileReference section */
		A934EC6B2C4AA41D00DA314C /* MockInterviewTwo.app */ = {isa = PBXFileReference; explicitFileType = wrapper.application; includeInIndex = 0; path = MockInterviewTwo.app; sourceTree = BUILT_PRODUCTS_DIR; };
		A934EC6E2C4AA41D00DA314C /* MockInterviewTwoApp.swift */ = {isa = PBXFileReference; lastKnownFileType = sourcecode.swift; path = MockInterviewTwoApp.swift; sourceTree = "<group>"; };
		A934EC702C4AA41D00DA314C /* SettingsView.swift */ = {isa = PBXFileReference; lastKnownFileType = sourcecode.swift; path = SettingsView.swift; sourceTree = "<group>"; };
		A934EC722C4AA41E00DA314C /* Assets.xcassets */ = {isa = PBXFileReference; lastKnownFileType = folder.assetcatalog; path = Assets.xcassets; sourceTree = "<group>"; };
		A934EC752C4AA41E00DA314C /* Preview Assets.xcassets */ = {isa = PBXFileReference; lastKnownFileType = folder.assetcatalog; path = "Preview Assets.xcassets"; sourceTree = "<group>"; };
		A934EC7C2C4AA51A00DA314C /* UsersView.swift */ = {isa = PBXFileReference; lastKnownFileType = sourcecode.swift; path = UsersView.swift; sourceTree = "<group>"; };
		A934EC7F2C4AA85D00DA314C /* UsersViewModel.swift */ = {isa = PBXFileReference; lastKnownFileType = sourcecode.swift; path = UsersViewModel.swift; sourceTree = "<group>"; };
		A934EC822C4AACB700DA314C /* User.swift */ = {isa = PBXFileReference; lastKnownFileType = sourcecode.swift; path = User.swift; sourceTree = "<group>"; };
/* End PBXFileReference section */

/* Begin PBXFrameworksBuildPhase section */
		A934EC682C4AA41D00DA314C /* Frameworks */ = {
			isa = PBXFrameworksBuildPhase;
			buildActionMask = 2147483647;
			files = (
			);
			runOnlyForDeploymentPostprocessing = 0;
		};
/* End PBXFrameworksBuildPhase section */

/* Begin PBXGroup section */
		A934EC622C4AA41D00DA314C = {
			isa = PBXGroup;
			children = (
				A934EC6D2C4AA41D00DA314C /* MockInterviewTwo */,
				A934EC6C2C4AA41D00DA314C /* Products */,
			);
			sourceTree = "<group>";
		};
		A934EC6C2C4AA41D00DA314C /* Products */ = {
			isa = PBXGroup;
			children = (
				A934EC6B2C4AA41D00DA314C /* MockInterviewTwo.app */,
			);
			name = Products;
			sourceTree = "<group>";
		};
		A934EC6D2C4AA41D00DA314C /* MockInterviewTwo */ = {
			isa = PBXGroup;
			children = (
				A934EC6E2C4AA41D00DA314C /* MockInterviewTwoApp.swift */,
				A934EC842C4AACBD00DA314C /* Models */,
				A934EC7E2C4AA51E00DA314C /* Views */,
				A934EC812C4AA86400DA314C /* View Models */,
				A934EC722C4AA41E00DA314C /* Assets.xcassets */,
				A934EC742C4AA41E00DA314C /* Preview Content */,
			);
			path = MockInterviewTwo;
			sourceTree = "<group>";
		};
		A934EC742C4AA41E00DA314C /* Preview Content */ = {
			isa = PBXGroup;
			children = (
				A934EC752C4AA41E00DA314C /* Preview Assets.xcassets */,
			);
			path = "Preview Content";
			sourceTree = "<group>";
		};
		A934EC7E2C4AA51E00DA314C /* Views */ = {
			isa = PBXGroup;
			children = (
				A934EC702C4AA41D00DA314C /* SettingsView.swift */,
				A934EC7C2C4AA51A00DA314C /* UsersView.swift */,
			);
			path = Views;
			sourceTree = "<group>";
		};
		A934EC812C4AA86400DA314C /* View Models */ = {
			isa = PBXGroup;
			children = (
				A934EC7F2C4AA85D00DA314C /* UsersViewModel.swift */,
			);
			path = "View Models";
			sourceTree = "<group>";
		};
		A934EC842C4AACBD00DA314C /* Models */ = {
			isa = PBXGroup;
			children = (
				A934EC822C4AACB700DA314C /* User.swift */,
			);
			path = Models;
			sourceTree = "<group>";
		};
/* End PBXGroup section */

/* Begin PBXNativeTarget section */
		A934EC6A2C4AA41D00DA314C /* MockInterviewTwo */ = {
			isa = PBXNativeTarget;
			buildConfigurationList = A934EC792C4AA41E00DA314C /* Build configuration list for PBXNativeTarget "MockInterviewTwo" */;
			buildPhases = (
				A934EC672C4AA41D00DA314C /* Sources */,
				A934EC682C4AA41D00DA314C /* Frameworks */,
				A934EC692C4AA41D00DA314C /* Resources */,
			);
			buildRules = (
			);
			dependencies = (
			);
			name = MockInterviewTwo;
			productName = MockInterviewTwo;
			productReference = A934EC6B2C4AA41D00DA314C /* MockInterviewTwo.app */;
			productType = "com.apple.product-type.application";
		};
/* End PBXNativeTarget section */

/* Begin PBXProject section */
		A934EC632C4AA41D00DA314C /* Project object */ = {
			isa = PBXProject;
			attributes = {
				BuildIndependentTargetsInParallel = 1;
				LastSwiftUpdateCheck = 1530;
				LastUpgradeCheck = 1530;
				TargetAttributes = {
					A934EC6A2C4AA41D00DA314C = {
						CreatedOnToolsVersion = 15.3;
					};
				};
			};
			buildConfigurationList = A934EC662C4AA41D00DA314C /* Build configuration list for PBXProject "MockInterviewTwo" */;
			compatibilityVersion = "Xcode 14.0";
			developmentRegion = en;
			hasScannedForEncodings = 0;
			knownRegions = (
				en,
				Base,
			);
			mainGroup = A934EC622C4AA41D00DA314C;
			productRefGroup = A934EC6C2C4AA41D00DA314C /* Products */;
			projectDirPath = "";
			projectRoot = "";
			targets = (
				A934EC6A2C4AA41D00DA314C /* MockInterviewTwo */,
			);
		};
/* End PBXProject section */

/* Begin PBXResourcesBuildPhase section */
		A934EC692C4AA41D00DA314C /* Resources */ = {
			isa = PBXResourcesBuildPhase;
			buildActionMask = 2147483647;
			files = (
				A934EC762C4AA41E00DA314C /* Preview Assets.xcassets in Resources */,
				A934EC732C4AA41E00DA314C /* Assets.xcassets in Resources */,
			);
			runOnlyForDeploymentPostprocessing = 0;
		};
/* End PBXResourcesBuildPhase section */

/* Begin PBXSourcesBuildPhase section */
		A934EC672C4AA41D00DA314C /* Sources */ = {
			isa = PBXSourcesBuildPhase;
			buildActionMask = 2147483647;
			files = (
				A934EC712C4AA41D00DA314C /* SettingsView.swift in Sources */,
				A934EC802C4AA85D00DA314C /* UsersViewModel.swift in Sources */,
				A934EC6F2C4AA41D00DA314C /* MockInterviewTwoApp.swift in Sources */,
				A934EC832C4AACB700DA314C /* User.swift in Sources */,
				A934EC7D2C4AA51A00DA314C /* UsersView.swift in Sources */,
			);
			runOnlyForDeploymentPostprocessing = 0;
		};
/* End PBXSourcesBuildPhase section */

/* Begin XCBuildConfiguration section */
		A934EC772C4AA41E00DA314C /* Debug */ = {
			isa = XCBuildConfiguration;
			buildSettings = {
				ALWAYS_SEARCH_USER_PATHS = NO;
				ASSETCATALOG_COMPILER_GENERATE_SWIFT_ASSET_SYMBOL_EXTENSIONS = YES;
				CLANG_ANALYZER_NONNULL = YES;
				CLANG_ANALYZER_NUMBER_OBJECT_CONVERSION = YES_AGGRESSIVE;
				CLANG_CXX_LANGUAGE_STANDARD = "gnu++20";
				CLANG_ENABLE_MODULES = YES;
				CLANG_ENABLE_OBJC_ARC = YES;
				CLANG_ENABLE_OBJC_WEAK = YES;
				CLANG_WARN_BLOCK_CAPTURE_AUTORELEASING = YES;
				CLANG_WARN_BOOL_CONVERSION = YES;
				CLANG_WARN_COMMA = YES;
				CLANG_WARN_CONSTANT_CONVERSION = YES;
				CLANG_WARN_DEPRECATED_OBJC_IMPLEMENTATIONS = YES;
				CLANG_WARN_DIRECT_OBJC_ISA_USAGE = YES_ERROR;
				CLANG_WARN_DOCUMENTATION_COMMENTS = YES;
				CLANG_WARN_EMPTY_BODY = YES;
				CLANG_WARN_ENUM_CONVERSION = YES;
				CLANG_WARN_INFINITE_RECURSION = YES;
				CLANG_WARN_INT_CONVERSION = YES;
				CLANG_WARN_NON_LITERAL_NULL_CONVERSION = YES;
				CLANG_WARN_OBJC_IMPLICIT_RETAIN_SELF = YES;
				CLANG_WARN_OBJC_LITERAL_CONVERSION = YES;
				CLANG_WARN_OBJC_ROOT_CLASS = YES_ERROR;
				CLANG_WARN_QUOTED_INCLUDE_IN_FRAMEWORK_HEADER = YES;
				CLANG_WARN_RANGE_LOOP_ANALYSIS = YES;
				CLANG_WARN_STRICT_PROTOTYPES = YES;
				CLANG_WARN_SUSPICIOUS_MOVE = YES;
				CLANG_WARN_UNGUARDED_AVAILABILITY = YES_AGGRESSIVE;
				CLANG_WARN_UNREACHABLE_CODE = YES;
				CLANG_WARN__DUPLICATE_METHOD_MATCH = YES;
				COPY_PHASE_STRIP = NO;
				DEBUG_INFORMATION_FORMAT = dwarf;
				ENABLE_STRICT_OBJC_MSGSEND = YES;
				ENABLE_TESTABILITY = YES;
				ENABLE_USER_SCRIPT_SANDBOXING = YES;
				GCC_C_LANGUAGE_STANDARD = gnu17;
				GCC_DYNAMIC_NO_PIC = NO;
				GCC_NO_COMMON_BLOCKS = YES;
				GCC_OPTIMIZATION_LEVEL = 0;
				GCC_PREPROCESSOR_DEFINITIONS = (
					"DEBUG=1",
					"$(inherited)",
				);
				GCC_WARN_64_TO_32_BIT_CONVERSION = YES;
				GCC_WARN_ABOUT_RETURN_TYPE = YES_ERROR;
				GCC_WARN_UNDECLARED_SELECTOR = YES;
				GCC_WARN_UNINITIALIZED_AUTOS = YES_AGGRESSIVE;
				GCC_WARN_UNUSED_FUNCTION = YES;
				GCC_WARN_UNUSED_VARIABLE = YES;
				IPHONEOS_DEPLOYMENT_TARGET = 17.4;
				LOCALIZATION_PREFERS_STRING_CATALOGS = YES;
				MTL_ENABLE_DEBUG_INFO = INCLUDE_SOURCE;
				MTL_FAST_MATH = YES;
				ONLY_ACTIVE_ARCH = YES;
				SDKROOT = iphoneos;
				SWIFT_ACTIVE_COMPILATION_CONDITIONS = "DEBUG $(inherited)";
				SWIFT_OPTIMIZATION_LEVEL = "-Onone";
			};
			name = Debug;
		};
		A934EC782C4AA41E00DA314C /* Release */ = {
			isa = XCBuildConfiguration;
			buildSettings = {
				ALWAYS_SEARCH_USER_PATHS = NO;
				ASSETCATALOG_COMPILER_GENERATE_SWIFT_ASSET_SYMBOL_EXTENSIONS = YES;
				CLANG_ANALYZER_NONNULL = YES;
				CLANG_ANALYZER_NUMBER_OBJECT_CONVERSION = YES_AGGRESSIVE;
				CLANG_CXX_LANGUAGE_STANDARD = "gnu++20";
				CLANG_ENABLE_MODULES = YES;
				CLANG_ENABLE_OBJC_ARC = YES;
				CLANG_ENABLE_OBJC_WEAK = YES;
				CLANG_WARN_BLOCK_CAPTURE_AUTORELEASING = YES;
				CLANG_WARN_BOOL_CONVERSION = YES;
				CLANG_WARN_COMMA = YES;
				CLANG_WARN_CONSTANT_CONVERSION = YES;
				CLANG_WARN_DEPRECATED_OBJC_IMPLEMENTATIONS = YES;
				CLANG_WARN_DIRECT_OBJC_ISA_USAGE = YES_ERROR;
				CLANG_WARN_DOCUMENTATION_COMMENTS = YES;
				CLANG_WARN_EMPTY_BODY = YES;
				CLANG_WARN_ENUM_CONVERSION = YES;
				CLANG_WARN_INFINITE_RECURSION = YES;
				CLANG_WARN_INT_CONVERSION = YES;
				CLANG_WARN_NON_LITERAL_NULL_CONVERSION = YES;
				CLANG_WARN_OBJC_IMPLICIT_RETAIN_SELF = YES;
				CLANG_WARN_OBJC_LITERAL_CONVERSION = YES;
				CLANG_WARN_OBJC_ROOT_CLASS = YES_ERROR;
				CLANG_WARN_QUOTED_INCLUDE_IN_FRAMEWORK_HEADER = YES;
				CLANG_WARN_RANGE_LOOP_ANALYSIS = YES;
				CLANG_WARN_STRICT_PROTOTYPES = YES;
				CLANG_WARN_SUSPICIOUS_MOVE = YES;
				CLANG_WARN_UNGUARDED_AVAILABILITY = YES_AGGRESSIVE;
				CLANG_WARN_UNREACHABLE_CODE = YES;
				CLANG_WARN__DUPLICATE_METHOD_MATCH = YES;
				COPY_PHASE_STRIP = NO;
				DEBUG_INFORMATION_FORMAT = "dwarf-with-dsym";
				ENABLE_NS_ASSERTIONS = NO;
				ENABLE_STRICT_OBJC_MSGSEND = YES;
				ENABLE_USER_SCRIPT_SANDBOXING = YES;
				GCC_C_LANGUAGE_STANDARD = gnu17;
				GCC_NO_COMMON_BLOCKS = YES;
				GCC_WARN_64_TO_32_BIT_CONVERSION = YES;
				GCC_WARN_ABOUT_RETURN_TYPE = YES_ERROR;
				GCC_WARN_UNDECLARED_SELECTOR = YES;
				GCC_WARN_UNINITIALIZED_AUTOS = YES_AGGRESSIVE;
				GCC_WARN_UNUSED_FUNCTION = YES;
				GCC_WARN_UNUSED_VARIABLE = YES;
				IPHONEOS_DEPLOYMENT_TARGET = 17.4;
				LOCALIZATION_PREFERS_STRING_CATALOGS = YES;
				MTL_ENABLE_DEBUG_INFO = NO;
				MTL_FAST_MATH = YES;
				SDKROOT = iphoneos;
				SWIFT_COMPILATION_MODE = wholemodule;
				VALIDATE_PRODUCT = YES;
			};
			name = Release;
		};
		A934EC7A2C4AA41E00DA314C /* Debug */ = {
			isa = XCBuildConfiguration;
			buildSettings = {
				ASSETCATALOG_COMPILER_APPICON_NAME = AppIcon;
				ASSETCATALOG_COMPILER_GLOBAL_ACCENT_COLOR_NAME = AccentColor;
				CODE_SIGN_STYLE = Automatic;
				CURRENT_PROJECT_VERSION = 1;
				DEVELOPMENT_ASSET_PATHS = "\"MockInterviewTwo/Preview Content\"";
				DEVELOPMENT_TEAM = EWUXMHAPLR;
				ENABLE_PREVIEWS = YES;
				GENERATE_INFOPLIST_FILE = YES;
				INFOPLIST_KEY_UIApplicationSceneManifest_Generation = YES;
				INFOPLIST_KEY_UIApplicationSupportsIndirectInputEvents = YES;
				INFOPLIST_KEY_UILaunchScreen_Generation = YES;
				INFOPLIST_KEY_UISupportedInterfaceOrientations_iPad = "UIInterfaceOrientationPortrait UIInterfaceOrientationPortraitUpsideDown UIInterfaceOrientationLandscapeLeft UIInterfaceOrientationLandscapeRight";
				INFOPLIST_KEY_UISupportedInterfaceOrientations_iPhone = "UIInterfaceOrientationPortrait UIInterfaceOrientationLandscapeLeft UIInterfaceOrientationLandscapeRight";
				LD_RUNPATH_SEARCH_PATHS = (
					"$(inherited)",
					"@executable_path/Frameworks",
				);
				MARKETING_VERSION = 1.0;
				PRODUCT_BUNDLE_IDENTIFIER = com.jordanfraughton.MockInterviewTwo;
				PRODUCT_NAME = "$(TARGET_NAME)";
				SWIFT_EMIT_LOC_STRINGS = YES;
				SWIFT_VERSION = 5.0;
				TARGETED_DEVICE_FAMILY = "1,2";
			};
			name = Debug;
		};
		A934EC7B2C4AA41E00DA314C /* Release */ = {
			isa = XCBuildConfiguration;
			buildSettings = {
				ASSETCATALOG_COMPILER_APPICON_NAME = AppIcon;
				ASSETCATALOG_COMPILER_GLOBAL_ACCENT_COLOR_NAME = AccentColor;
				CODE_SIGN_STYLE = Automatic;
				CURRENT_PROJECT_VERSION = 1;
				DEVELOPMENT_ASSET_PATHS = "\"MockInterviewTwo/Preview Content\"";
				DEVELOPMENT_TEAM = EWUXMHAPLR;
				ENABLE_PREVIEWS = YES;
				GENERATE_INFOPLIST_FILE = YES;
				INFOPLIST_KEY_UIApplicationSceneManifest_Generation = YES;
				INFOPLIST_KEY_UIApplicationSupportsIndirectInputEvents = YES;
				INFOPLIST_KEY_UILaunchScreen_Generation = YES;
				INFOPLIST_KEY_UISupportedInterfaceOrientations_iPad = "UIInterfaceOrientationPortrait UIInterfaceOrientationPortraitUpsideDown UIInterfaceOrientationLandscapeLeft UIInterfaceOrientationLandscapeRight";
				INFOPLIST_KEY_UISupportedInterfaceOrientations_iPhone = "UIInterfaceOrientationPortrait UIInterfaceOrientationLandscapeLeft UIInterfaceOrientationLandscapeRight";
				LD_RUNPATH_SEARCH_PATHS = (
					"$(inherited)",
					"@executable_path/Frameworks",
				);
				MARKETING_VERSION = 1.0;
				PRODUCT_BUNDLE_IDENTIFIER = com.jordanfraughton.MockInterviewTwo;
				PRODUCT_NAME = "$(TARGET_NAME)";
				SWIFT_EMIT_LOC_STRINGS = YES;
				SWIFT_VERSION = 5.0;
				TARGETED_DEVICE_FAMILY = "1,2";
			};
			name = Release;
		};
/* End XCBuildConfiguration section */

/* Begin XCConfigurationList section */
		A934EC662C4AA41D00DA314C /* Build configuration list for PBXProject "MockInterviewTwo" */ = {
			isa = XCConfigurationList;
			buildConfigurations = (
				A934EC772C4AA41E00DA314C /* Debug */,
				A934EC782C4AA41E00DA314C /* Release */,
			);
			defaultConfigurationIsVisible = 0;
			defaultConfigurationName = Release;
		};
		A934EC792C4AA41E00DA314C /* Build configuration list for PBXNativeTarget "MockInterviewTwo" */ = {
			isa = XCConfigurationList;
			buildConfigurations = (
				A934EC7A2C4AA41E00DA314C /* Debug */,
				A934EC7B2C4AA41E00DA314C /* Release */,
			);
			defaultConfigurationIsVisible = 0;
			defaultConfigurationName = Release;
		};
/* End XCConfigurationList section */
	};
	rootObject = A934EC632C4AA41D00DA314C /* Project object */;
}
